
Microsoft Visual Studio Solution File, Format Version 12.00
# Visual Studio Version 17
VisualStudioVersion = 17.12.35521.163 d17.12
MinimumVisualStudioVersion = 10.0.40219.1
Project("{FAE04EC0-301F-11D3-BF4B-00C04F79EFBC}") = "LAB_1", "LAB_1.csproj", "{47BC74CA-2120-4031-9F87-4D97C945F9CA}"
EndProject
Global
	GlobalSection(SolutionConfigurationPlatforms) = preSolution
		Debug|Any CPU = Debug|Any CPU
		Release|Any CPU = Release|Any CPU
	EndGlobalSection
	GlobalSection(ProjectConfigurationPlatforms) = postSolution
		{47BC74CA-2120-4031-9F87-4D97C945F9CA}.Debug|Any CPU.ActiveCfg = Debug|Any CPU
		{47BC74CA-2120-4031-9F87-4D97C945F9CA}.Debug|Any CPU.Build.0 = Debug|Any CPU
		{47BC74CA-2120-4031-9F87-4D97C945F9CA}.Release|Any CPU.ActiveCfg = Release|Any CPU
		{47BC74CA-2120-4031-9F87-4D97C945F9CA}.Release|Any CPU.Build.0 = Release|Any CPU
	EndGlobalSection
	GlobalSection(SolutionProperties) = preSolution
		HideSolutionNode = FALSE
	EndGlobalSection
EndGlobal
